
Microsoft Visual Studio Solution File, Format Version 12.00
# Visual Studio Version 17
VisualStudioVersion = 17.0.31903.59
MinimumVisualStudioVersion = 10.0.40219.1
Project("{2150E333-8FDC-42A3-9474-1A3956D46DE8}") = "src", "src", "{B6CFFF89-7895-438E-B4D8-7BF1E305A5BC}"
EndProject
Project("{FAE04EC0-301F-11D3-BF4B-00C04F79EFBC}") = "AuctionService", "src\AuctionService\AuctionService.csproj", "{4E3E9135-8CE5-4535-BE12-FF631848E8A9}"
EndProject
Project("{FAE04EC0-301F-11D3-BF4B-00C04F79EFBC}") = "SearchService", "src\SearchService\SearchService.csproj", "{2478FDF6-8909-48DC-BD8F-341A1F582AED}"
EndProject
Project("{FAE04EC0-301F-11D3-BF4B-00C04F79EFBC}") = "Contracts", "src\Contracts\Contracts.csproj", "{5A333B0B-CC22-44EF-BB6E-B9D896C0D287}"
EndProject
Project("{FAE04EC0-301F-11D3-BF4B-00C04F79EFBC}") = "IdentityService", "src\IdentityService\IdentityService.csproj", "{BFDC6367-B36E-4363-A5B1-4E310BDF2057}"
EndProject
Project("{FAE04EC0-301F-11D3-BF4B-00C04F79EFBC}") = "GatewayService", "src\GatewayService\GatewayService.csproj", "{923D93C6-DDA8-4BE8-A093-698808FA3E81}"
EndProject
Project("{2150E333-8FDC-42A3-9474-1A3956D46DE8}") = "tests", "tests", "{947AD8DE-611A-48F3-8D5C-F50F75976A92}"
EndProject
Project("{FAE04EC0-301F-11D3-BF4B-00C04F79EFBC}") = "AuctionService.Tests", "tests\AuctionService.Tests\AuctionService.Tests.csproj", "{7C27ECB6-B313-4C76-82BC-803DCE95E60D}"
EndProject
Project("{FAE04EC0-301F-11D3-BF4B-00C04F79EFBC}") = "AuctionService.IntegrationTests", "tests\AuctionService.IntegrationTests\AuctionService.IntegrationTests.csproj", "{52AA4296-BC73-4EB5-B6D3-7D33761530F2}"
EndProject
Project("{FAE04EC0-301F-11D3-BF4B-00C04F79EFBC}") = "BiddingService", "src\BiddingService\BiddingService.csproj", "{A37344DE-41AD-4673-962F-0505C9333CC2}"
EndProject
Project("{FAE04EC0-301F-11D3-BF4B-00C04F79EFBC}") = "NotificationService", "src\NotificationService\NotificationService.csproj", "{CC0D74BB-D871-4FD7-831A-6A7C61D28852}"
EndProject
Project("{FAE04EC0-301F-11D3-BF4B-00C04F79EFBC}") = "AuctionService.PlaywrightTests", "tests\AuctionService.PlaywrightTests\AuctionService.PlaywrightTests.csproj", "{4C77AE97-0C91-45E7-8163-7E4FF1AF60ED}"
EndProject
Global
	GlobalSection(SolutionConfigurationPlatforms) = preSolution
		Debug|Any CPU = Debug|Any CPU
		Release|Any CPU = Release|Any CPU
	EndGlobalSection
	GlobalSection(SolutionProperties) = preSolution
		HideSolutionNode = FALSE
	EndGlobalSection
	GlobalSection(ProjectConfigurationPlatforms) = postSolution
		{4E3E9135-8CE5-4535-BE12-FF631848E8A9}.Debug|Any CPU.ActiveCfg = Debug|Any CPU
		{4E3E9135-8CE5-4535-BE12-FF631848E8A9}.Debug|Any CPU.Build.0 = Debug|Any CPU
		{4E3E9135-8CE5-4535-BE12-FF631848E8A9}.Release|Any CPU.ActiveCfg = Release|Any CPU
		{4E3E9135-8CE5-4535-BE12-FF631848E8A9}.Release|Any CPU.Build.0 = Release|Any CPU
		{2478FDF6-8909-48DC-BD8F-341A1F582AED}.Debug|Any CPU.ActiveCfg = Debug|Any CPU
		{2478FDF6-8909-48DC-BD8F-341A1F582AED}.Debug|Any CPU.Build.0 = Debug|Any CPU
		{2478FDF6-8909-48DC-BD8F-341A1F582AED}.Release|Any CPU.ActiveCfg = Release|Any CPU
		{2478FDF6-8909-48DC-BD8F-341A1F582AED}.Release|Any CPU.Build.0 = Release|Any CPU
		{5A333B0B-CC22-44EF-BB6E-B9D896C0D287}.Debug|Any CPU.ActiveCfg = Debug|Any CPU
		{5A333B0B-CC22-44EF-BB6E-B9D896C0D287}.Debug|Any CPU.Build.0 = Debug|Any CPU
		{5A333B0B-CC22-44EF-BB6E-B9D896C0D287}.Release|Any CPU.ActiveCfg = Release|Any CPU
		{5A333B0B-CC22-44EF-BB6E-B9D896C0D287}.Release|Any CPU.Build.0 = Release|Any CPU
		{BFDC6367-B36E-4363-A5B1-4E310BDF2057}.Debug|Any CPU.ActiveCfg = Debug|Any CPU
		{BFDC6367-B36E-4363-A5B1-4E310BDF2057}.Debug|Any CPU.Build.0 = Debug|Any CPU
		{BFDC6367-B36E-4363-A5B1-4E310BDF2057}.Release|Any CPU.ActiveCfg = Release|Any CPU
		{BFDC6367-B36E-4363-A5B1-4E310BDF2057}.Release|Any CPU.Build.0 = Release|Any CPU
		{923D93C6-DDA8-4BE8-A093-698808FA3E81}.Debug|Any CPU.ActiveCfg = Debug|Any CPU
		{923D93C6-DDA8-4BE8-A093-698808FA3E81}.Debug|Any CPU.Build.0 = Debug|Any CPU
		{923D93C6-DDA8-4BE8-A093-698808FA3E81}.Release|Any CPU.ActiveCfg = Release|Any CPU
		{923D93C6-DDA8-4BE8-A093-698808FA3E81}.Release|Any CPU.Build.0 = Release|Any CPU
		{7C27ECB6-B313-4C76-82BC-803DCE95E60D}.Debug|Any CPU.ActiveCfg = Debug|Any CPU
		{7C27ECB6-B313-4C76-82BC-803DCE95E60D}.Debug|Any CPU.Build.0 = Debug|Any CPU
		{7C27ECB6-B313-4C76-82BC-803DCE95E60D}.Release|Any CPU.ActiveCfg = Release|Any CPU
		{7C27ECB6-B313-4C76-82BC-803DCE95E60D}.Release|Any CPU.Build.0 = Release|Any CPU
		{52AA4296-BC73-4EB5-B6D3-7D33761530F2}.Debug|Any CPU.ActiveCfg = Debug|Any CPU
		{52AA4296-BC73-4EB5-B6D3-7D33761530F2}.Debug|Any CPU.Build.0 = Debug|Any CPU
		{52AA4296-BC73-4EB5-B6D3-7D33761530F2}.Release|Any CPU.ActiveCfg = Release|Any CPU
		{52AA4296-BC73-4EB5-B6D3-7D33761530F2}.Release|Any CPU.Build.0 = Release|Any CPU
		{A37344DE-41AD-4673-962F-0505C9333CC2}.Debug|Any CPU.ActiveCfg = Debug|Any CPU
		{A37344DE-41AD-4673-962F-0505C9333CC2}.Debug|Any CPU.Build.0 = Debug|Any CPU
		{A37344DE-41AD-4673-962F-0505C9333CC2}.Release|Any CPU.ActiveCfg = Release|Any CPU
		{A37344DE-41AD-4673-962F-0505C9333CC2}.Release|Any CPU.Build.0 = Release|Any CPU
		{CC0D74BB-D871-4FD7-831A-6A7C61D28852}.Debug|Any CPU.ActiveCfg = Debug|Any CPU
		{CC0D74BB-D871-4FD7-831A-6A7C61D28852}.Debug|Any CPU.Build.0 = Debug|Any CPU
		{CC0D74BB-D871-4FD7-831A-6A7C61D28852}.Release|Any CPU.ActiveCfg = Release|Any CPU
		{CC0D74BB-D871-4FD7-831A-6A7C61D28852}.Release|Any CPU.Build.0 = Release|Any CPU
		{4C77AE97-0C91-45E7-8163-7E4FF1AF60ED}.Debug|Any CPU.ActiveCfg = Debug|Any CPU
		{4C77AE97-0C91-45E7-8163-7E4FF1AF60ED}.Debug|Any CPU.Build.0 = Debug|Any CPU
		{4C77AE97-0C91-45E7-8163-7E4FF1AF60ED}.Release|Any CPU.ActiveCfg = Release|Any CPU
		{4C77AE97-0C91-45E7-8163-7E4FF1AF60ED}.Release|Any CPU.Build.0 = Release|Any CPU
	EndGlobalSection
	GlobalSection(NestedProjects) = preSolution
		{4E3E9135-8CE5-4535-BE12-FF631848E8A9} = {B6CFFF89-7895-438E-B4D8-7BF1E305A5BC}
		{2478FDF6-8909-48DC-BD8F-341A1F582AED} = {B6CFFF89-7895-438E-B4D8-7BF1E305A5BC}
		{5A333B0B-CC22-44EF-BB6E-B9D896C0D287} = {B6CFFF89-7895-438E-B4D8-7BF1E305A5BC}
		{BFDC6367-B36E-4363-A5B1-4E310BDF2057} = {B6CFFF89-7895-438E-B4D8-7BF1E305A5BC}
		{923D93C6-DDA8-4BE8-A093-698808FA3E81} = {B6CFFF89-7895-438E-B4D8-7BF1E305A5BC}
		{7C27ECB6-B313-4C76-82BC-803DCE95E60D} = {947AD8DE-611A-48F3-8D5C-F50F75976A92}
		{52AA4296-BC73-4EB5-B6D3-7D33761530F2} = {947AD8DE-611A-48F3-8D5C-F50F75976A92}
		{A37344DE-41AD-4673-962F-0505C9333CC2} = {B6CFFF89-7895-438E-B4D8-7BF1E305A5BC}
		{CC0D74BB-D871-4FD7-831A-6A7C61D28852} = {B6CFFF89-7895-438E-B4D8-7BF1E305A5BC}
		{4C77AE97-0C91-45E7-8163-7E4FF1AF60ED} = {947AD8DE-611A-48F3-8D5C-F50F75976A92}
	EndGlobalSection
EndGlobal
